# This file is automatically @generated by Cargo.
# It is not intended for manual editing.
version = 3

[[package]]
name = "autocfg"
version = "1.1.0"
source = "registry+https://github.com/rust-lang/crates.io-index"
checksum = "d468802bab17cbc0cc575e9b053f41e72aa36bfa6b7f55e3529ffa43161b97fa"

[[package]]
name = "driver"
version = "0.1.0"
dependencies = [
 "elf",
 "machineinstr",
]

[[package]]
name = "elf"
version = "0.7.1"
source = "registry+https://github.com/rust-lang/crates.io-index"
checksum = "2ace2c81c1832d02208b8317b90b2de5b3b4f55024b86d3f2ae800353e348fd7"

[[package]]
name = "machineinstr"
version = "0.1.0"
dependencies = [
 "elf",
 "num-traits",
]

[[package]]
name = "num-traits"
version = "0.2.15"
source = "registry+https://github.com/rust-lang/crates.io-index"
checksum = "578ede34cf02f8924ab9447f50c28075b4d3e5b269972345e7e0372b38c6cdcd"
dependencies = [
 "autocfg",
]

[[package]]
name = "slab"
version = "0.4.7"
source = "registry+https://github.com/rust-lang/crates.io-index"
checksum = "4614a76b2a8be0058caa9dbbaf66d988527d86d003c11a94fbd335d7661edcef"
dependencies = [
 "autocfg",
]

[[package]]
name = "vm"
version = "0.1.0"
dependencies = [
 "num-traits",
 "slab",
]
